{
  "name": "theme-project",
  "version": "1.0.0",
  "lockfileVersion": 1,
  "requires": true,
  "dependencies": {
    "hsluv": {
      "version": "0.1.0",
      "resolved": "https://registry.npmjs.org/hsluv/-/hsluv-0.1.0.tgz",
      "integrity": "sha512-ERcanKLAszD2XN3Vh5r5Szkrv9q0oSTudmP0rkiKAGM/3NMc9FLmMZBB7TSqTaXJfSDBOreYTfjezCOYbRKqlw=="
    }
  }
}
