{
  "name": "theme-project",
  "version": "1.0.0",
  "lockfileVersion": 2,
  "requires": true,
  "packages": {
    "": {
      "name": "theme-project",
      "version": "1.0.0",
      "license": "MIT",
      "dependencies": {
        "culori": "^2.0.3",
        "hsluv": "^0.1.0"
      }
    },
    "node_modules/culori": {
      "version": "2.0.3",
      "resolved": "https://registry.npmjs.org/culori/-/culori-2.0.3.tgz",
      "integrity": "sha512-920cvHdCgdrkmiTgV09/qyGpk3d0RrktiU38bUigBDrNcK/19xRobKBzhSGoBpS9dy03P1OfC8zorQcnZKkK7A==",
      "engines": {
        "node": "^12.20.0 || ^14.13.1 || >=16.0.0"
      }
    },
    "node_modules/hsluv": {
      "version": "0.1.0",
      "resolved": "https://registry.npmjs.org/hsluv/-/hsluv-0.1.0.tgz",
      "integrity": "sha512-ERcanKLAszD2XN3Vh5r5Szkrv9q0oSTudmP0rkiKAGM/3NMc9FLmMZBB7TSqTaXJfSDBOreYTfjezCOYbRKqlw=="
    }
  },
  "dependencies": {
    "culori": {
      "version": "2.0.3",
      "resolved": "https://registry.npmjs.org/culori/-/culori-2.0.3.tgz",
      "integrity": "sha512-920cvHdCgdrkmiTgV09/qyGpk3d0RrktiU38bUigBDrNcK/19xRobKBzhSGoBpS9dy03P1OfC8zorQcnZKkK7A=="
    },
    "hsluv": {
      "version": "0.1.0",
      "resolved": "https://registry.npmjs.org/hsluv/-/hsluv-0.1.0.tgz",
      "integrity": "sha512-ERcanKLAszD2XN3Vh5r5Szkrv9q0oSTudmP0rkiKAGM/3NMc9FLmMZBB7TSqTaXJfSDBOreYTfjezCOYbRKqlw=="
    }
  }
}
